<Solution>
  <Folder Name="/Task0/">
    <Project Path="Tyuiu.KurchenkoSP.Sprint0.Task0.V0/Tyuiu.KurchenkoSP.Sprint0.Task0.V0.csproj" />
  </Folder>
  <Folder Name="/Task1/">
    <Project Path="Tyuiu.KurchenkoSP.Sprint0.Task1.V0/Tyuiu.KurchenkoSP.Sprint0.Task1.V0.csproj" Id="5e849adb-75ca-491c-9715-c951e8b3d035" />
  </Folder>
  <Folder Name="/Task2/">
    <Project Path="Tyuiu.KurchenkoSP.Sprint0.Task2.V0.Lib/Tyuiu.KurchenkoSP.Sprint0.Task2.V0.Lib.csproj" Id="ad3c6f7f-e827-408e-99f4-2c334aa919d8" />
    <Project Path="Tyuiu.KurchenkoSP.Sprint0.Task2.V0.Test/Tyuiu.KurchenkoSP.Sprint0.Task2.V0.Test.csproj" Id="ef8c81c0-81af-4730-bb3b-5b6c4231f8e2" />
    <Project Path="Tyuiu.KurchenkoSP.Sprint0.Task2.V0/Tyuiu.KurchenkoSP.Sprint0.Task2.V0.csproj" Id="2ce75574-ad86-45e6-bd2b-307e3138340e" />
  </Folder>
  <Folder Name="/Task3/">
    <Project Path="Tyuiu.KurchenkoSP.Sprint0.Task3.V0.Lib/Tyuiu.KurchenkoSP.Sprint0.Task3.V0.Lib.csproj" Id="166e5bbc-d84b-4309-9b8c-74ef75a0faa5" />
    <Project Path="Tyuiu.KurchenkoSP.Sprint0.Task3.V0.Test/Tyuiu.KurchenkoSP.Sprint0.Task3.V0.Test.csproj" Id="f16f6753-a70b-45f4-8d2d-e78b2a736878" />
    <Project Path="Tyuiu.KurchenkoSP.Sprint0.Task3.V0/Tyuiu.KurchenkoSP.Sprint0.Task3.V0.csproj" Id="0c89dfcf-3f3b-413b-b79a-f1dea0ce0448" />
  </Folder>
  <Folder Name="/Task4/">
    <Project Path="Tyuiu.KurchenkoSP.Sprint0.Task4.V0.Lib/Tyuiu.KurchenkoSP.Sprint0.Task4.V0.Lib.csproj" Id="3a661b34-687b-46e6-9a68-53f9f7a7558b" />
    <Project Path="Tyuiu.KurchenkoSP.Sprint0.Task4.V0.Test/Tyuiu.KurchenkoSP.Sprint0.Task4.V0.Test.csproj" Id="80f87c25-796e-4952-841d-0ef82a36ee68" />
    <Project Path="Tyuiu.KurchenkoSP.Sprint0.Task4.V0/Tyuiu.KurchenkoSP.Sprint0.Task4.V0.csproj" Id="7a861ee5-8936-485d-9c8b-eb1f40ddf906" />
  </Folder>
  <Folder Name="/Task5/">
    <Project Path="Tyuiu.KurchenkoSP.Sprint0.Task5.V0.Lib/Tyuiu.KurchenkoSP.Sprint0.Task5.V0.Lib.csproj" Id="b81d625c-b482-43e0-a9b6-c6ab7a82e4ab" />
    <Project Path="Tyuiu.KurchenkoSP.Sprint0.Task5.V0.Test/Tyuiu.KurchenkoSP.Sprint0.Task5.V0.Test.csproj" Id="88ce4ff4-908f-49f5-9c1d-7f10bdbf05a0" />
    <Project Path="Tyuiu.KurchenkoSP.Sprint0.Task5.V0/Tyuiu.KurchenkoSP.Sprint0.Task5.V0.csproj" Id="5bd10d20-e352-4384-8e42-038f3b8cd65d" />
  </Folder>
  <Folder Name="/Task6/">
    <Project Path="Tyuiu.KurchenkoSP.Sprint0.Task6.V0.Lib/Tyuiu.KurchenkoSP.Sprint0.Task6.V0.Lib.csproj" Id="32379b81-dce4-484c-b8f3-8b3a16bcd0b0" />
    <Project Path="Tyuiu.KurchenkoSP.Sprint0.Task6.V0.Test/Tyuiu.KurchenkoSP.Sprint0.Task6.V0.Test.csproj" Id="a89df49f-f1c7-476e-a893-ff1807cbd461" />
    <Project Path="Tyuiu.KurchenkoSP.Sprint0.Task6.V0/Tyuiu.KurchenkoSP.Sprint0.Task6.V0.csproj" Id="6bd520ef-f3d4-468a-876b-477ef839277f" />
  </Folder>
</Solution>
